<?xml version="1.0" encoding="utf-8"?>
<Project ToolsVersion="4.0" xmlns="http://schemas.microsoft.com/developer/msbuild/2003">
  <ItemGroup>
    <Filter Include="StateMachine">
      <UniqueIdentifier>{9668d8ce-9686-4d73-9983-1b9217f26db8}</UniqueIdentifier>
    </Filter>
    <Filter Include="Game">
      <UniqueIdentifier>{999242bb-5d6d-49e2-b42d-152b6b4f1534}</UniqueIdentifier>
    </Filter>
    <Filter Include="GameObjects">
      <UniqueIdentifier>{96203d88-6637-4267-b812-178fded855c9}</UniqueIdentifier>
    </Filter>
    <Filter Include="Managers">
      <UniqueIdentifier>{cf9507c9-2a30-45d0-bd6b-c4910b3db006}</UniqueIdentifier>
    </Filter>
    <Filter Include="BaseTypes">
      <UniqueIdentifier>{24d6b7cf-5c27-4b97-8fcb-9476e2f8e917}</UniqueIdentifier>
    </Filter>
    <Filter Include="GameObjects\PowerUps">
      <UniqueIdentifier>{93b1d418-cca0-4e22-9565-e2793f9e8a65}</UniqueIdentifier>
    </Filter>
  </ItemGroup>
  <ItemGroup>
    <ClCompile Include="GameState.cpp">
      <Filter>StateMachine</Filter>
    </ClCompile>
    <ClCompile Include="MenuState.cpp">
      <Filter>StateMachine</Filter>
    </ClCompile>
    <ClCompile Include="StateMachine.cpp">
      <Filter>StateMachine</Filter>
    </ClCompile>
    <ClCompile Include="GameObject.cpp">
      <Filter>GameObjects</Filter>
    </ClCompile>
    <ClCompile Include="Player.cpp">
      <Filter>GameObjects</Filter>
    </ClCompile>
    <ClCompile Include="Level.cpp">
      <Filter>Game</Filter>
    </ClCompile>
    <ClCompile Include="Bullet.cpp">
      <Filter>GameObjects</Filter>
    </ClCompile>
    <ClCompile Include="Rock.cpp">
      <Filter>GameObjects</Filter>
    </ClCompile>
    <ClCompile Include="GameOverState.cpp">
      <Filter>StateMachine</Filter>
    </ClCompile>
    <ClCompile Include="GUI.cpp">
      <Filter>Game</Filter>
    </ClCompile>
    <ClCompile Include="BaseState.cpp">
      <Filter>StateMachine</Filter>
    </ClCompile>
    <ClCompile Include="Star.cpp">
      <Filter>GameObjects</Filter>
    </ClCompile>
    <ClCompile Include="BulletManager.cpp">
      <Filter>Managers</Filter>
    </ClCompile>
    <ClCompile Include="CollisionManager.cpp">
      <Filter>Managers</Filter>
    </ClCompile>
    <ClCompile Include="TextureManager.cpp">
      <Filter>Managers</Filter>
    </ClCompile>
    <ClCompile Include="Engine.cpp">
      <Filter>Game</Filter>
    </ClCompile>
    <ClCompile Include="Game.cpp">
      <Filter>Game</Filter>
    </ClCompile>
    <ClCompile Include="main.cpp">
      <Filter>Game</Filter>
    </ClCompile>
    <ClCompile Include="PickupObject.cpp">
      <Filter>GameObjects\PowerUps</Filter>
    </ClCompile>
    <ClCompile Include="PickupShield.cpp">
      <Filter>GameObjects\PowerUps</Filter>
    </ClCompile>
    <ClCompile Include="PickupHealth.cpp">
      <Filter>GameObjects\PowerUps</Filter>
    </ClCompile>
  </ItemGroup>
  <ItemGroup>
    <ClInclude Include="GameState.h">
      <Filter>StateMachine</Filter>
    </ClInclude>
    <ClInclude Include="MenuState.h">
      <Filter>StateMachine</Filter>
    </ClInclude>
    <ClInclude Include="StateMachine.h">
      <Filter>StateMachine</Filter>
    </ClInclude>
    <ClInclude Include="GameObject.h">
      <Filter>GameObjects</Filter>
    </ClInclude>
    <ClInclude Include="Player.h">
      <Filter>GameObjects</Filter>
    </ClInclude>
    <ClInclude Include="Level.h">
      <Filter>Game</Filter>
    </ClInclude>
    <ClInclude Include="Bullet.h">
      <Filter>GameObjects</Filter>
    </ClInclude>
    <ClInclude Include="Rock.h">
      <Filter>GameObjects</Filter>
    </ClInclude>
    <ClInclude Include="GameOverState.h">
      <Filter>StateMachine</Filter>
    </ClInclude>
    <ClInclude Include="GUI.h">
      <Filter>Game</Filter>
    </ClInclude>
    <ClInclude Include="BaseState.h">
      <Filter>StateMachine</Filter>
    </ClInclude>
    <ClInclude Include="Star.h">
      <Filter>GameObjects</Filter>
    </ClInclude>
    <ClInclude Include="BulletManager.h">
      <Filter>Managers</Filter>
    </ClInclude>
    <ClInclude Include="CollisionManager.h">
      <Filter>Managers</Filter>
    </ClInclude>
    <ClInclude Include="TextureManager.h">
      <Filter>Managers</Filter>
    </ClInclude>
    <ClInclude Include="Circle.h">
      <Filter>BaseTypes</Filter>
    </ClInclude>
    <ClInclude Include="Rect.h">
      <Filter>BaseTypes</Filter>
    </ClInclude>
    <ClInclude Include="Vector2.h">
      <Filter>BaseTypes</Filter>
    </ClInclude>
    <ClInclude Include="Engine.h">
      <Filter>Game</Filter>
    </ClInclude>
    <ClInclude Include="Game.h">
      <Filter>Game</Filter>
    </ClInclude>
    <ClInclude Include="PickupObject.h">
      <Filter>GameObjects\PowerUps</Filter>
    </ClInclude>
    <ClInclude Include="PickupShield.h">
      <Filter>GameObjects\PowerUps</Filter>
    </ClInclude>
    <ClInclude Include="PickupHealth.h">
      <Filter>GameObjects\PowerUps</Filter>
    </ClInclude>
  </ItemGroup>
</Project>